// !$*UTF8*$!
{
	archiveVersion = 1;
	classes = {
	};
	objectVersion = 56;
	objects = {

/* Begin PBXBuildFile section */
		101B73AC2A26167100D3B609 /* PetopiaUserDefaults.swift in Sources */ = {isa = PBXBuildFile; fileRef = 101B73AB2A26167100D3B609 /* PetopiaUserDefaults.swift */; };
		101B73B12A261F2700D3B609 /* ViewModeTableViewCell.swift in Sources */ = {isa = PBXBuildFile; fileRef = 101B73AF2A261F2700D3B609 /* ViewModeTableViewCell.swift */; };
		101B73B22A261F2700D3B609 /* ViewModeTableViewCell.xib in Resources */ = {isa = PBXBuildFile; fileRef = 101B73B02A261F2700D3B609 /* ViewModeTableViewCell.xib */; };
		10220FD92A28AA7F006F6B9B /* ViewWishlistViewController.swift in Sources */ = {isa = PBXBuildFile; fileRef = 10220FD82A28AA7F006F6B9B /* ViewWishlistViewController.swift */; };
		10220FDC2A28B063006F6B9B /* FirebaseStorage in Frameworks */ = {isa = PBXBuildFile; productRef = 10220FDB2A28B063006F6B9B /* FirebaseStorage */; };
		10220FDE2A28B0A7006F6B9B /* FirebaseStorageCombine-Community in Frameworks */ = {isa = PBXBuildFile; productRef = 10220FDD2A28B0A7006F6B9B /* FirebaseStorageCombine-Community */; };
		10220FE02A28CE2D006F6B9B /* Image.swift in Sources */ = {isa = PBXBuildFile; fileRef = 10220FDF2A28CE2D006F6B9B /* Image.swift */; };
		102346DC2A275A6700844090 /* AboutAppViewController.swift in Sources */ = {isa = PBXBuildFile; fileRef = 102346DB2A275A6700844090 /* AboutAppViewController.swift */; };
		102844F12A0284670012AA69 /* LocationAnnotation.swift in Sources */ = {isa = PBXBuildFile; fileRef = 102844F02A0284670012AA69 /* LocationAnnotation.swift */; };
		10441FA42A0B2DD400FE269E /* NewListingViewController.swift in Sources */ = {isa = PBXBuildFile; fileRef = 10441FA32A0B2DD400FE269E /* NewListingViewController.swift */; };
		10441FAD2A0B360E00FE269E /* CameraViewController.swift in Sources */ = {isa = PBXBuildFile; fileRef = 10441FAC2A0B360E00FE269E /* CameraViewController.swift */; };
		10441FAF2A0B3C7D00FE269E /* ImageCollectionViewCell.swift in Sources */ = {isa = PBXBuildFile; fileRef = 10441FAE2A0B3C7D00FE269E /* ImageCollectionViewCell.swift */; };
		10441FB12A0B3EE200FE269E /* CollectionViewController.swift in Sources */ = {isa = PBXBuildFile; fileRef = 10441FB02A0B3EE200FE269E /* CollectionViewController.swift */; };
		1058CF9C29F8F25C0069B5FA /* MulticastDelegate.swift in Sources */ = {isa = PBXBuildFile; fileRef = 1058CF9B29F8F25C0069B5FA /* MulticastDelegate.swift */; };
		1058CF9E29F8F2700069B5FA /* DatabaseProtocol.swift in Sources */ = {isa = PBXBuildFile; fileRef = 1058CF9D29F8F2700069B5FA /* DatabaseProtocol.swift */; };
		1058CFA029F8F3E80069B5FA /* FirebaseController.swift in Sources */ = {isa = PBXBuildFile; fileRef = 1058CF9F29F8F3E80069B5FA /* FirebaseController.swift */; };
		1058CFA429F90AAB0069B5FA /* MarketplaceViewController.swift in Sources */ = {isa = PBXBuildFile; fileRef = 1058CFA329F90AAB0069B5FA /* MarketplaceViewController.swift */; };
		105B46ED2A287BD20098CBD9 /* WishlistAnimal.swift in Sources */ = {isa = PBXBuildFile; fileRef = 105B46EC2A287BD20098CBD9 /* WishlistAnimal.swift */; };
		105C300F2A121AA8004FD54A /* Response.swift in Sources */ = {isa = PBXBuildFile; fileRef = 105C300E2A121AA8004FD54A /* Response.swift */; };
		105C30112A121AD0004FD54A /* Animal.swift in Sources */ = {isa = PBXBuildFile; fileRef = 105C30102A121AD0004FD54A /* Animal.swift */; };
		105C30132A121AF3004FD54A /* Breeds.swift in Sources */ = {isa = PBXBuildFile; fileRef = 105C30122A121AF3004FD54A /* Breeds.swift */; };
		105C301D2A121C47004FD54A /* Photos.swift in Sources */ = {isa = PBXBuildFile; fileRef = 105C301C2A121C47004FD54A /* Photos.swift */; };
		105C301F2A121C6D004FD54A /* Videos.swift in Sources */ = {isa = PBXBuildFile; fileRef = 105C301E2A121C6D004FD54A /* Videos.swift */; };
		105C30232A121CC0004FD54A /* Contact.swift in Sources */ = {isa = PBXBuildFile; fileRef = 105C30222A121CC0004FD54A /* Contact.swift */; };
		105C30252A1240B6004FD54A /* PetsCollectionViewCell.swift in Sources */ = {isa = PBXBuildFile; fileRef = 105C30242A1240B6004FD54A /* PetsCollectionViewCell.swift */; };
		106259482A0790E2002E8090 /* CalendarKit in Frameworks */ = {isa = PBXBuildFile; productRef = 106259472A0790E2002E8090 /* CalendarKit */; };
		106B75E42A0A6EC400C6B704 /* setReminderViewController.swift in Sources */ = {isa = PBXBuildFile; fileRef = 106B75E32A0A6EC400C6B704 /* setReminderViewController.swift */; };
		1073292C2A24730F00D4BD14 /* LocationService.swift in Sources */ = {isa = PBXBuildFile; fileRef = 1073292B2A24730F00D4BD14 /* LocationService.swift */; };
		107329302A24814A00D4BD14 /* NearbyPetShopsTableViewController.swift in Sources */ = {isa = PBXBuildFile; fileRef = 1073292F2A24814A00D4BD14 /* NearbyPetShopsTableViewController.swift */; };
		107329322A248D1B00D4BD14 /* Place.swift in Sources */ = {isa = PBXBuildFile; fileRef = 107329312A248D1B00D4BD14 /* Place.swift */; };
		107329342A24993C00D4BD14 /* ViewPetShopViewController.swift in Sources */ = {isa = PBXBuildFile; fileRef = 107329332A24993C00D4BD14 /* ViewPetShopViewController.swift */; };
		107329362A249F7C00D4BD14 /* NewLocationDelegate.swift in Sources */ = {isa = PBXBuildFile; fileRef = 107329352A249F7C00D4BD14 /* NewLocationDelegate.swift */; };
		107329382A24A67000D4BD14 /* NearbyVetsTableViewController.swift in Sources */ = {isa = PBXBuildFile; fileRef = 107329372A24A67000D4BD14 /* NearbyVetsTableViewController.swift */; };
		1073293A2A24A6C400D4BD14 /* ViewVetsViewController.swift in Sources */ = {isa = PBXBuildFile; fileRef = 107329392A24A6C400D4BD14 /* ViewVetsViewController.swift */; };
		107426FD2A08D6BC0077A295 /* Reminder.swift in Sources */ = {isa = PBXBuildFile; fileRef = 107426FC2A08D6BC0077A295 /* Reminder.swift */; };
		107427012A08DB540077A295 /* Date+Today.swift in Sources */ = {isa = PBXBuildFile; fileRef = 107427002A08DB540077A295 /* Date+Today.swift */; };
		107427052A08E0610077A295 /* TrackerReminderViewController.swift in Sources */ = {isa = PBXBuildFile; fileRef = 107427042A08E0610077A295 /* TrackerReminderViewController.swift */; };
		1074270B2A08EEE10077A295 /* DetailReminderViewController.swift in Sources */ = {isa = PBXBuildFile; fileRef = 1074270A2A08EEE10077A295 /* DetailReminderViewController.swift */; };
		1077770F2A2734BD00D7684F /* MyProfileTableViewController.swift in Sources */ = {isa = PBXBuildFile; fileRef = 1077770E2A2734BD00D7684F /* MyProfileTableViewController.swift */; };
		108E2A122A2C38A600172804 /* PostTableViewCell.swift in Sources */ = {isa = PBXBuildFile; fileRef = 108E2A102A2C38A600172804 /* PostTableViewCell.swift */; };
		108E2A132A2C38A600172804 /* PostTableViewCell.xib in Resources */ = {isa = PBXBuildFile; fileRef = 108E2A112A2C38A600172804 /* PostTableViewCell.xib */; };
		108E2A152A2C3D5C00172804 /* Posts.swift in Sources */ = {isa = PBXBuildFile; fileRef = 108E2A142A2C3D5C00172804 /* Posts.swift */; };
		108E2A172A2C3DB000172804 /* Comments.swift in Sources */ = {isa = PBXBuildFile; fileRef = 108E2A162A2C3DB000172804 /* Comments.swift */; };
		108E2A192A2C45AF00172804 /* NewPostViewController.swift in Sources */ = {isa = PBXBuildFile; fileRef = 108E2A182A2C45AF00172804 /* NewPostViewController.swift */; };
		108E2A1B2A2C8CCD00172804 /* CommentsTableViewController.swift in Sources */ = {isa = PBXBuildFile; fileRef = 108E2A1A2A2C8CCD00172804 /* CommentsTableViewController.swift */; };
		108E2A222A2CBE4800172804 /* CommentsTableViewCell.swift in Sources */ = {isa = PBXBuildFile; fileRef = 108E2A202A2CBE4800172804 /* CommentsTableViewCell.swift */; };
		108E2A232A2CBE4800172804 /* CommentsTableViewCell.xib in Resources */ = {isa = PBXBuildFile; fileRef = 108E2A212A2CBE4800172804 /* CommentsTableViewCell.xib */; };
		109578652A2A139700EC4313 /* ListingAnimal.swift in Sources */ = {isa = PBXBuildFile; fileRef = 109578642A2A139700EC4313 /* ListingAnimal.swift */; };
		109710792A2E0B2B00E3CB7C /* Conversation.swift in Sources */ = {isa = PBXBuildFile; fileRef = 109710782A2E0B2B00E3CB7C /* Conversation.swift */; };
		1097107E2A2E1B4000E3CB7C /* ConversationTableViewCell.swift in Sources */ = {isa = PBXBuildFile; fileRef = 1097107C2A2E1B4000E3CB7C /* ConversationTableViewCell.swift */; };
		1097107F2A2E1B4000E3CB7C /* ConversationTableViewCell.xib in Resources */ = {isa = PBXBuildFile; fileRef = 1097107D2A2E1B4000E3CB7C /* ConversationTableViewCell.xib */; };
		1097B5A92A10C93400E56B03 /* APIConstants.swift in Sources */ = {isa = PBXBuildFile; fileRef = 1097B5A82A10C93400E56B03 /* APIConstants.swift */; };
		1097B5AB2A10CA4A00E56B03 /* NetworkError.swift in Sources */ = {isa = PBXBuildFile; fileRef = 1097B5AA2A10CA4A00E56B03 /* NetworkError.swift */; };
		1097B5AD2A10CA8E00E56B03 /* APIService.swift in Sources */ = {isa = PBXBuildFile; fileRef = 1097B5AC2A10CA8E00E56B03 /* APIService.swift */; };
		10983A512A0335560067CFB1 /* FloatingPanel in Frameworks */ = {isa = PBXBuildFile; productRef = 10983A502A0335560067CFB1 /* FloatingPanel */; };
		109D46872A0C99E000E5BD27 /* User.swift in Sources */ = {isa = PBXBuildFile; fileRef = 109D46862A0C99E000E5BD27 /* User.swift */; };
		10ADA1992A19E86B0003A8CC /* ViewPetViewController.swift in Sources */ = {isa = PBXBuildFile; fileRef = 10ADA1982A19E86B0003A8CC /* ViewPetViewController.swift */; };
		10AE025429EB8F4B00B82918 /* AppDelegate.swift in Sources */ = {isa = PBXBuildFile; fileRef = 10AE025329EB8F4B00B82918 /* AppDelegate.swift */; };
		10AE025629EB8F4B00B82918 /* SceneDelegate.swift in Sources */ = {isa = PBXBuildFile; fileRef = 10AE025529EB8F4B00B82918 /* SceneDelegate.swift */; };
		10AE025B29EB8F4B00B82918 /* Main.storyboard in Resources */ = {isa = PBXBuildFile; fileRef = 10AE025929EB8F4B00B82918 /* Main.storyboard */; };
		10AE025E29EB8F4B00B82918 /* petopia.xcdatamodeld in Sources */ = {isa = PBXBuildFile; fileRef = 10AE025C29EB8F4B00B82918 /* petopia.xcdatamodeld */; };
		10AE026029EB8F4C00B82918 /* Assets.xcassets in Resources */ = {isa = PBXBuildFile; fileRef = 10AE025F29EB8F4C00B82918 /* Assets.xcassets */; };
		10AE026329EB8F4C00B82918 /* LaunchScreen.storyboard in Resources */ = {isa = PBXBuildFile; fileRef = 10AE026129EB8F4C00B82918 /* LaunchScreen.storyboard */; };
		10AE026B29EB976300B82918 /* LoginViewController.swift in Sources */ = {isa = PBXBuildFile; fileRef = 10AE026A29EB976300B82918 /* LoginViewController.swift */; };
		10AE026D29EB99E200B82918 /* RegisterViewController.swift in Sources */ = {isa = PBXBuildFile; fileRef = 10AE026C29EB99E200B82918 /* RegisterViewController.swift */; };
		10BBE2B62A133E8700AB62CA /* LeftAlignedCollectionViewFlowLayout.swift in Sources */ = {isa = PBXBuildFile; fileRef = 10BBE2B52A133E8700AB62CA /* LeftAlignedCollectionViewFlowLayout.swift */; };
		10CBC3BD29F7A3AB00049813 /* FirebaseAuth in Frameworks */ = {isa = PBXBuildFile; productRef = 10CBC3BC29F7A3AB00049813 /* FirebaseAuth */; };
		10CBC3BF29F7A3AB00049813 /* FirebaseFirestore in Frameworks */ = {isa = PBXBuildFile; productRef = 10CBC3BE29F7A3AB00049813 /* FirebaseFirestore */; };
		10CBC3C129F7A3AB00049813 /* FirebaseFirestoreSwift in Frameworks */ = {isa = PBXBuildFile; productRef = 10CBC3C029F7A3AB00049813 /* FirebaseFirestoreSwift */; };
		10CBC3C329F7A3AB00049813 /* FirebaseMessaging in Frameworks */ = {isa = PBXBuildFile; productRef = 10CBC3C229F7A3AB00049813 /* FirebaseMessaging */; };
		10CBC3C529F7A49600049813 /* GoogleService-Info.plist in Resources */ = {isa = PBXBuildFile; fileRef = 10CBC3C429F7A49600049813 /* GoogleService-Info.plist */; };
		10CE09952A2B529F00CB1FB6 /* ViewListingTableViewController.swift in Sources */ = {isa = PBXBuildFile; fileRef = 10CE09942A2B529F00CB1FB6 /* ViewListingTableViewController.swift */; };
		10CE09992A2B5BB100CB1FB6 /* DetailListingViewController.swift in Sources */ = {isa = PBXBuildFile; fileRef = 10CE09982A2B5BB100CB1FB6 /* DetailListingViewController.swift */; };
		10DB5A3A2A2DCF37008AE87C /* PhotoViewerViewController.swift in Sources */ = {isa = PBXBuildFile; fileRef = 10DB5A392A2DCF37008AE87C /* PhotoViewerViewController.swift */; };
		10DB5A3E2A2DD0F4008AE87C /* ConversationTableViewController.swift in Sources */ = {isa = PBXBuildFile; fileRef = 10DB5A3D2A2DD0F4008AE87C /* ConversationTableViewController.swift */; };
		10DB5A402A2DD25F008AE87C /* ChatViewController.swift in Sources */ = {isa = PBXBuildFile; fileRef = 10DB5A3F2A2DD25E008AE87C /* ChatViewController.swift */; };
		10DB5A422A2DD400008AE87C /* Message.swift in Sources */ = {isa = PBXBuildFile; fileRef = 10DB5A412A2DD400008AE87C /* Message.swift */; };
		10DB5A442A2DD46F008AE87C /* Sender.swift in Sources */ = {isa = PBXBuildFile; fileRef = 10DB5A432A2DD46F008AE87C /* Sender.swift */; };
		10DB5A462A2DE7F8008AE87C /* SimpleUser.swift in Sources */ = {isa = PBXBuildFile; fileRef = 10DB5A452A2DE7F8008AE87C /* SimpleUser.swift */; };
		10DB5A482A2DEBD5008AE87C /* NewConversationTableViewController.swift in Sources */ = {isa = PBXBuildFile; fileRef = 10DB5A472A2DEBD5008AE87C /* NewConversationTableViewController.swift */; };
		10F01F322A073ADD00BE677F /* MessageKit in Frameworks */ = {isa = PBXBuildFile; productRef = 10F01F312A073ADD00BE677F /* MessageKit */; };
		10F43EEB29FA1C900065E8DD /* HelpTableViewController.swift in Sources */ = {isa = PBXBuildFile; fileRef = 10F43EEA29FA1C900065E8DD /* HelpTableViewController.swift */; };
		10F43EF129FA1D940065E8DD /* TabbarViewController.swift in Sources */ = {isa = PBXBuildFile; fileRef = 10F43EF029FA1D940065E8DD /* TabbarViewController.swift */; };
		10F43EF329FA1F6C0065E8DD /* WishListTableViewController.swift in Sources */ = {isa = PBXBuildFile; fileRef = 10F43EF229FA1F6C0065E8DD /* WishListTableViewController.swift */; };
		10F43EF729FA2C1C0065E8DD /* CommunityTableViewController.swift in Sources */ = {isa = PBXBuildFile; fileRef = 10F43EF629FA2C1C0065E8DD /* CommunityTableViewController.swift */; };
/* End PBXBuildFile section */

/* Begin PBXFileReference section */
		101B73AB2A26167100D3B609 /* PetopiaUserDefaults.swift */ = {isa = PBXFileReference; lastKnownFileType = sourcecode.swift; path = PetopiaUserDefaults.swift; sourceTree = "<group>"; };
		101B73AF2A261F2700D3B609 /* ViewModeTableViewCell.swift */ = {isa = PBXFileReference; lastKnownFileType = sourcecode.swift; path = ViewModeTableViewCell.swift; sourceTree = "<group>"; };
		101B73B02A261F2700D3B609 /* ViewModeTableViewCell.xib */ = {isa = PBXFileReference; lastKnownFileType = file.xib; path = ViewModeTableViewCell.xib; sourceTree = "<group>"; };
		10220FD82A28AA7F006F6B9B /* ViewWishlistViewController.swift */ = {isa = PBXFileReference; lastKnownFileType = sourcecode.swift; path = ViewWishlistViewController.swift; sourceTree = "<group>"; };
		10220FDF2A28CE2D006F6B9B /* Image.swift */ = {isa = PBXFileReference; lastKnownFileType = sourcecode.swift; path = Image.swift; sourceTree = "<group>"; };
		102346DB2A275A6700844090 /* AboutAppViewController.swift */ = {isa = PBXFileReference; lastKnownFileType = sourcecode.swift; path = AboutAppViewController.swift; sourceTree = "<group>"; };
		102844F02A0284670012AA69 /* LocationAnnotation.swift */ = {isa = PBXFileReference; lastKnownFileType = sourcecode.swift; path = LocationAnnotation.swift; sourceTree = "<group>"; };
		10441FA32A0B2DD400FE269E /* NewListingViewController.swift */ = {isa = PBXFileReference; lastKnownFileType = sourcecode.swift; path = NewListingViewController.swift; sourceTree = "<group>"; };
		10441FAC2A0B360E00FE269E /* CameraViewController.swift */ = {isa = PBXFileReference; lastKnownFileType = sourcecode.swift; path = CameraViewController.swift; sourceTree = "<group>"; };
		10441FAE2A0B3C7D00FE269E /* ImageCollectionViewCell.swift */ = {isa = PBXFileReference; lastKnownFileType = sourcecode.swift; path = ImageCollectionViewCell.swift; sourceTree = "<group>"; };
		10441FB02A0B3EE200FE269E /* CollectionViewController.swift */ = {isa = PBXFileReference; lastKnownFileType = sourcecode.swift; path = CollectionViewController.swift; sourceTree = "<group>"; };
		1058CF9B29F8F25C0069B5FA /* MulticastDelegate.swift */ = {isa = PBXFileReference; lastKnownFileType = sourcecode.swift; path = MulticastDelegate.swift; sourceTree = "<group>"; };
		1058CF9D29F8F2700069B5FA /* DatabaseProtocol.swift */ = {isa = PBXFileReference; lastKnownFileType = sourcecode.swift; path = DatabaseProtocol.swift; sourceTree = "<group>"; };
		1058CF9F29F8F3E80069B5FA /* FirebaseController.swift */ = {isa = PBXFileReference; lastKnownFileType = sourcecode.swift; path = FirebaseController.swift; sourceTree = "<group>"; };
		1058CFA329F90AAB0069B5FA /* MarketplaceViewController.swift */ = {isa = PBXFileReference; lastKnownFileType = sourcecode.swift; path = MarketplaceViewController.swift; sourceTree = "<group>"; };
		105B46EC2A287BD20098CBD9 /* WishlistAnimal.swift */ = {isa = PBXFileReference; lastKnownFileType = sourcecode.swift; path = WishlistAnimal.swift; sourceTree = "<group>"; };
		105C300E2A121AA8004FD54A /* Response.swift */ = {isa = PBXFileReference; lastKnownFileType = sourcecode.swift; path = Response.swift; sourceTree = "<group>"; };
		105C30102A121AD0004FD54A /* Animal.swift */ = {isa = PBXFileReference; lastKnownFileType = sourcecode.swift; path = Animal.swift; sourceTree = "<group>"; };
		105C30122A121AF3004FD54A /* Breeds.swift */ = {isa = PBXFileReference; lastKnownFileType = sourcecode.swift; path = Breeds.swift; sourceTree = "<group>"; };
		105C301C2A121C47004FD54A /* Photos.swift */ = {isa = PBXFileReference; lastKnownFileType = sourcecode.swift; path = Photos.swift; sourceTree = "<group>"; };
		105C301E2A121C6D004FD54A /* Videos.swift */ = {isa = PBXFileReference; lastKnownFileType = sourcecode.swift; path = Videos.swift; sourceTree = "<group>"; };
		105C30222A121CC0004FD54A /* Contact.swift */ = {isa = PBXFileReference; lastKnownFileType = sourcecode.swift; path = Contact.swift; sourceTree = "<group>"; };
		105C30242A1240B6004FD54A /* PetsCollectionViewCell.swift */ = {isa = PBXFileReference; lastKnownFileType = sourcecode.swift; path = PetsCollectionViewCell.swift; sourceTree = "<group>"; };
		106B75E32A0A6EC400C6B704 /* setReminderViewController.swift */ = {isa = PBXFileReference; lastKnownFileType = sourcecode.swift; path = setReminderViewController.swift; sourceTree = "<group>"; };
		1073292B2A24730F00D4BD14 /* LocationService.swift */ = {isa = PBXFileReference; lastKnownFileType = sourcecode.swift; path = LocationService.swift; sourceTree = "<group>"; };
		1073292F2A24814A00D4BD14 /* NearbyPetShopsTableViewController.swift */ = {isa = PBXFileReference; lastKnownFileType = sourcecode.swift; path = NearbyPetShopsTableViewController.swift; sourceTree = "<group>"; };
		107329312A248D1B00D4BD14 /* Place.swift */ = {isa = PBXFileReference; lastKnownFileType = sourcecode.swift; path = Place.swift; sourceTree = "<group>"; };
		107329332A24993C00D4BD14 /* ViewPetShopViewController.swift */ = {isa = PBXFileReference; lastKnownFileType = sourcecode.swift; path = ViewPetShopViewController.swift; sourceTree = "<group>"; };
		107329352A249F7C00D4BD14 /* NewLocationDelegate.swift */ = {isa = PBXFileReference; lastKnownFileType = sourcecode.swift; path = NewLocationDelegate.swift; sourceTree = "<group>"; };
		107329372A24A67000D4BD14 /* NearbyVetsTableViewController.swift */ = {isa = PBXFileReference; lastKnownFileType = sourcecode.swift; path = NearbyVetsTableViewController.swift; sourceTree = "<group>"; };
		107329392A24A6C400D4BD14 /* ViewVetsViewController.swift */ = {isa = PBXFileReference; lastKnownFileType = sourcecode.swift; path = ViewVetsViewController.swift; sourceTree = "<group>"; };
		107426FC2A08D6BC0077A295 /* Reminder.swift */ = {isa = PBXFileReference; lastKnownFileType = sourcecode.swift; path = Reminder.swift; sourceTree = "<group>"; };
		107427002A08DB540077A295 /* Date+Today.swift */ = {isa = PBXFileReference; lastKnownFileType = sourcecode.swift; path = "Date+Today.swift"; sourceTree = "<group>"; };
		107427042A08E0610077A295 /* TrackerReminderViewController.swift */ = {isa = PBXFileReference; lastKnownFileType = sourcecode.swift; path = TrackerReminderViewController.swift; sourceTree = "<group>"; };
		1074270A2A08EEE10077A295 /* DetailReminderViewController.swift */ = {isa = PBXFileReference; lastKnownFileType = sourcecode.swift; path = DetailReminderViewController.swift; sourceTree = "<group>"; };
		1077770E2A2734BD00D7684F /* MyProfileTableViewController.swift */ = {isa = PBXFileReference; lastKnownFileType = sourcecode.swift; path = MyProfileTableViewController.swift; sourceTree = "<group>"; };
		108E2A102A2C38A600172804 /* PostTableViewCell.swift */ = {isa = PBXFileReference; lastKnownFileType = sourcecode.swift; path = PostTableViewCell.swift; sourceTree = "<group>"; };
		108E2A112A2C38A600172804 /* PostTableViewCell.xib */ = {isa = PBXFileReference; lastKnownFileType = file.xib; path = PostTableViewCell.xib; sourceTree = "<group>"; };
		108E2A142A2C3D5C00172804 /* Posts.swift */ = {isa = PBXFileReference; lastKnownFileType = sourcecode.swift; path = Posts.swift; sourceTree = "<group>"; };
		108E2A162A2C3DB000172804 /* Comments.swift */ = {isa = PBXFileReference; lastKnownFileType = sourcecode.swift; path = Comments.swift; sourceTree = "<group>"; };
		108E2A182A2C45AF00172804 /* NewPostViewController.swift */ = {isa = PBXFileReference; lastKnownFileType = sourcecode.swift; path = NewPostViewController.swift; sourceTree = "<group>"; };
		108E2A1A2A2C8CCD00172804 /* CommentsTableViewController.swift */ = {isa = PBXFileReference; lastKnownFileType = sourcecode.swift; path = CommentsTableViewController.swift; sourceTree = "<group>"; };
		108E2A202A2CBE4800172804 /* CommentsTableViewCell.swift */ = {isa = PBXFileReference; lastKnownFileType = sourcecode.swift; path = CommentsTableViewCell.swift; sourceTree = "<group>"; };
		108E2A212A2CBE4800172804 /* CommentsTableViewCell.xib */ = {isa = PBXFileReference; lastKnownFileType = file.xib; path = CommentsTableViewCell.xib; sourceTree = "<group>"; };
		109578642A2A139700EC4313 /* ListingAnimal.swift */ = {isa = PBXFileReference; lastKnownFileType = sourcecode.swift; path = ListingAnimal.swift; sourceTree = "<group>"; };
		109710782A2E0B2B00E3CB7C /* Conversation.swift */ = {isa = PBXFileReference; lastKnownFileType = sourcecode.swift; path = Conversation.swift; sourceTree = "<group>"; };
		1097107C2A2E1B4000E3CB7C /* ConversationTableViewCell.swift */ = {isa = PBXFileReference; lastKnownFileType = sourcecode.swift; path = ConversationTableViewCell.swift; sourceTree = "<group>"; };
		1097107D2A2E1B4000E3CB7C /* ConversationTableViewCell.xib */ = {isa = PBXFileReference; lastKnownFileType = file.xib; path = ConversationTableViewCell.xib; sourceTree = "<group>"; };
		1097B5A82A10C93400E56B03 /* APIConstants.swift */ = {isa = PBXFileReference; lastKnownFileType = sourcecode.swift; path = APIConstants.swift; sourceTree = "<group>"; };
		1097B5AA2A10CA4A00E56B03 /* NetworkError.swift */ = {isa = PBXFileReference; lastKnownFileType = sourcecode.swift; path = NetworkError.swift; sourceTree = "<group>"; };
		1097B5AC2A10CA8E00E56B03 /* APIService.swift */ = {isa = PBXFileReference; lastKnownFileType = sourcecode.swift; path = APIService.swift; sourceTree = "<group>"; };
		109D46862A0C99E000E5BD27 /* User.swift */ = {isa = PBXFileReference; lastKnownFileType = sourcecode.swift; path = User.swift; sourceTree = "<group>"; };
		10ADA1982A19E86B0003A8CC /* ViewPetViewController.swift */ = {isa = PBXFileReference; lastKnownFileType = sourcecode.swift; path = ViewPetViewController.swift; sourceTree = "<group>"; };
		10AE025029EB8F4B00B82918 /* petopia.app */ = {isa = PBXFileReference; explicitFileType = wrapper.application; includeInIndex = 0; path = petopia.app; sourceTree = BUILT_PRODUCTS_DIR; };
		10AE025329EB8F4B00B82918 /* AppDelegate.swift */ = {isa = PBXFileReference; lastKnownFileType = sourcecode.swift; path = AppDelegate.swift; sourceTree = "<group>"; };
		10AE025529EB8F4B00B82918 /* SceneDelegate.swift */ = {isa = PBXFileReference; lastKnownFileType = sourcecode.swift; path = SceneDelegate.swift; sourceTree = "<group>"; };
		10AE025A29EB8F4B00B82918 /* Base */ = {isa = PBXFileReference; lastKnownFileType = file.storyboard; name = Base; path = Base.lproj/Main.storyboard; sourceTree = "<group>"; };
		10AE025D29EB8F4B00B82918 /* petopia.xcdatamodel */ = {isa = PBXFileReference; lastKnownFileType = wrapper.xcdatamodel; path = petopia.xcdatamodel; sourceTree = "<group>"; };
		10AE025F29EB8F4C00B82918 /* Assets.xcassets */ = {isa = PBXFileReference; lastKnownFileType = folder.assetcatalog; path = Assets.xcassets; sourceTree = "<group>"; };
		10AE026229EB8F4C00B82918 /* Base */ = {isa = PBXFileReference; lastKnownFileType = file.storyboard; name = Base; path = Base.lproj/LaunchScreen.storyboard; sourceTree = "<group>"; };
		10AE026429EB8F4C00B82918 /* Info.plist */ = {isa = PBXFileReference; lastKnownFileType = text.plist.xml; path = Info.plist; sourceTree = "<group>"; };
		10AE026A29EB976300B82918 /* LoginViewController.swift */ = {isa = PBXFileReference; lastKnownFileType = sourcecode.swift; path = LoginViewController.swift; sourceTree = "<group>"; };
		10AE026C29EB99E200B82918 /* RegisterViewController.swift */ = {isa = PBXFileReference; lastKnownFileType = sourcecode.swift; path = RegisterViewController.swift; sourceTree = "<group>"; };
		10BBE2B52A133E8700AB62CA /* LeftAlignedCollectionViewFlowLayout.swift */ = {isa = PBXFileReference; lastKnownFileType = sourcecode.swift; path = LeftAlignedCollectionViewFlowLayout.swift; sourceTree = "<group>"; };
		10CBC3C429F7A49600049813 /* GoogleService-Info.plist */ = {isa = PBXFileReference; fileEncoding = 4; lastKnownFileType = text.plist.xml; path = "GoogleService-Info.plist"; sourceTree = "<group>"; };
		10CE09942A2B529F00CB1FB6 /* ViewListingTableViewController.swift */ = {isa = PBXFileReference; lastKnownFileType = sourcecode.swift; path = ViewListingTableViewController.swift; sourceTree = "<group>"; };
		10CE09982A2B5BB100CB1FB6 /* DetailListingViewController.swift */ = {isa = PBXFileReference; lastKnownFileType = sourcecode.swift; path = DetailListingViewController.swift; sourceTree = "<group>"; };
		10DB5A392A2DCF37008AE87C /* PhotoViewerViewController.swift */ = {isa = PBXFileReference; lastKnownFileType = sourcecode.swift; path = PhotoViewerViewController.swift; sourceTree = "<group>"; };
		10DB5A3D2A2DD0F4008AE87C /* ConversationTableViewController.swift */ = {isa = PBXFileReference; lastKnownFileType = sourcecode.swift; path = ConversationTableViewController.swift; sourceTree = "<group>"; };
		10DB5A3F2A2DD25E008AE87C /* ChatViewController.swift */ = {isa = PBXFileReference; lastKnownFileType = sourcecode.swift; path = ChatViewController.swift; sourceTree = "<group>"; };
		10DB5A412A2DD400008AE87C /* Message.swift */ = {isa = PBXFileReference; lastKnownFileType = sourcecode.swift; path = Message.swift; sourceTree = "<group>"; };
		10DB5A432A2DD46F008AE87C /* Sender.swift */ = {isa = PBXFileReference; lastKnownFileType = sourcecode.swift; path = Sender.swift; sourceTree = "<group>"; };
		10DB5A452A2DE7F8008AE87C /* SimpleUser.swift */ = {isa = PBXFileReference; lastKnownFileType = sourcecode.swift; path = SimpleUser.swift; sourceTree = "<group>"; };
		10DB5A472A2DEBD5008AE87C /* NewConversationTableViewController.swift */ = {isa = PBXFileReference; lastKnownFileType = sourcecode.swift; path = NewConversationTableViewController.swift; sourceTree = "<group>"; };
		10F43EEA29FA1C900065E8DD /* HelpTableViewController.swift */ = {isa = PBXFileReference; lastKnownFileType = sourcecode.swift; path = HelpTableViewController.swift; sourceTree = "<group>"; };
		10F43EF029FA1D940065E8DD /* TabbarViewController.swift */ = {isa = PBXFileReference; lastKnownFileType = sourcecode.swift; path = TabbarViewController.swift; sourceTree = "<group>"; };
		10F43EF229FA1F6C0065E8DD /* WishListTableViewController.swift */ = {isa = PBXFileReference; lastKnownFileType = sourcecode.swift; path = WishListTableViewController.swift; sourceTree = "<group>"; };
		10F43EF629FA2C1C0065E8DD /* CommunityTableViewController.swift */ = {isa = PBXFileReference; lastKnownFileType = sourcecode.swift; path = CommunityTableViewController.swift; sourceTree = "<group>"; };
/* End PBXFileReference section */

/* Begin PBXFrameworksBuildPhase section */
		10AE024D29EB8F4B00B82918 /* Frameworks */ = {
			isa = PBXFrameworksBuildPhase;
			buildActionMask = 2147483647;
			files = (
				106259482A0790E2002E8090 /* CalendarKit in Frameworks */,
				10CBC3C329F7A3AB00049813 /* FirebaseMessaging in Frameworks */,
				10983A512A0335560067CFB1 /* FloatingPanel in Frameworks */,
				10CBC3BD29F7A3AB00049813 /* FirebaseAuth in Frameworks */,
				10F01F322A073ADD00BE677F /* MessageKit in Frameworks */,
				10220FDC2A28B063006F6B9B /* FirebaseStorage in Frameworks */,
				10CBC3BF29F7A3AB00049813 /* FirebaseFirestore in Frameworks */,
				10220FDE2A28B0A7006F6B9B /* FirebaseStorageCombine-Community in Frameworks */,
				10CBC3C129F7A3AB00049813 /* FirebaseFirestoreSwift in Frameworks */,
			);
			runOnlyForDeploymentPostprocessing = 0;
		};
/* End PBXFrameworksBuildPhase section */

/* Begin PBXGroup section */
		10220FDA2A28B063006F6B9B /* Frameworks */ = {
			isa = PBXGroup;
			children = (
			);
			name = Frameworks;
			sourceTree = "<group>";
		};
		1058CF9A29F8F2480069B5FA /* Database */ = {
			isa = PBXGroup;
			children = (
				1058CF9B29F8F25C0069B5FA /* MulticastDelegate.swift */,
				1058CF9D29F8F2700069B5FA /* DatabaseProtocol.swift */,
			);
			path = Database;
			sourceTree = "<group>";
		};
		1097B5A72A10C91A00E56B03 /* API */ = {
			isa = PBXGroup;
			children = (
				1097B5A82A10C93400E56B03 /* APIConstants.swift */,
				1097B5AA2A10CA4A00E56B03 /* NetworkError.swift */,
				1097B5AC2A10CA8E00E56B03 /* APIService.swift */,
				105C300E2A121AA8004FD54A /* Response.swift */,
				105C30102A121AD0004FD54A /* Animal.swift */,
				105C30122A121AF3004FD54A /* Breeds.swift */,
				105C301C2A121C47004FD54A /* Photos.swift */,
				105C301E2A121C6D004FD54A /* Videos.swift */,
				105C30222A121CC0004FD54A /* Contact.swift */,
			);
			path = API;
			sourceTree = "<group>";
		};
		10983A452A0331BE0067CFB1 /* Tracker and Reminder */ = {
			isa = PBXGroup;
			children = (
				107426FC2A08D6BC0077A295 /* Reminder.swift */,
				107427002A08DB540077A295 /* Date+Today.swift */,
				107427042A08E0610077A295 /* TrackerReminderViewController.swift */,
				1074270A2A08EEE10077A295 /* DetailReminderViewController.swift */,
				106B75E32A0A6EC400C6B704 /* setReminderViewController.swift */,
			);
			path = "Tracker and Reminder";
			sourceTree = "<group>";
		};
		10983A462A0331D90067CFB1 /* Marketplace */ = {
			isa = PBXGroup;
			children = (
				1097B5A72A10C91A00E56B03 /* API */,
				1058CFA329F90AAB0069B5FA /* MarketplaceViewController.swift */,
				10220FDF2A28CE2D006F6B9B /* Image.swift */,
				10ADA1982A19E86B0003A8CC /* ViewPetViewController.swift */,
				10F43EF229FA1F6C0065E8DD /* WishListTableViewController.swift */,
				109578642A2A139700EC4313 /* ListingAnimal.swift */,
				10441FA32A0B2DD400FE269E /* NewListingViewController.swift */,
				10441FAC2A0B360E00FE269E /* CameraViewController.swift */,
				10441FAE2A0B3C7D00FE269E /* ImageCollectionViewCell.swift */,
				10441FB02A0B3EE200FE269E /* CollectionViewController.swift */,
				105C30242A1240B6004FD54A /* PetsCollectionViewCell.swift */,
				10BBE2B52A133E8700AB62CA /* LeftAlignedCollectionViewFlowLayout.swift */,
				105B46EC2A287BD20098CBD9 /* WishlistAnimal.swift */,
				10220FD82A28AA7F006F6B9B /* ViewWishlistViewController.swift */,
			);
			path = Marketplace;
			sourceTree = "<group>";
		};
		10983A492A03321D0067CFB1 /* Chats */ = {
			isa = PBXGroup;
			children = (
				10DB5A392A2DCF37008AE87C /* PhotoViewerViewController.swift */,
				10DB5A472A2DEBD5008AE87C /* NewConversationTableViewController.swift */,
				10DB5A3D2A2DD0F4008AE87C /* ConversationTableViewController.swift */,
				10DB5A3F2A2DD25E008AE87C /* ChatViewController.swift */,
				10DB5A412A2DD400008AE87C /* Message.swift */,
				109710782A2E0B2B00E3CB7C /* Conversation.swift */,
				10DB5A432A2DD46F008AE87C /* Sender.swift */,
				10DB5A452A2DE7F8008AE87C /* SimpleUser.swift */,
				1097107C2A2E1B4000E3CB7C /* ConversationTableViewCell.swift */,
				1097107D2A2E1B4000E3CB7C /* ConversationTableViewCell.xib */,
			);
			path = Chats;
			sourceTree = "<group>";
		};
		10983A4A2A0332320067CFB1 /* Auth */ = {
			isa = PBXGroup;
			children = (
				10F43EF029FA1D940065E8DD /* TabbarViewController.swift */,
				1058CF9F29F8F3E80069B5FA /* FirebaseController.swift */,
				109D46862A0C99E000E5BD27 /* User.swift */,
				10AE026A29EB976300B82918 /* LoginViewController.swift */,
				10AE026C29EB99E200B82918 /* RegisterViewController.swift */,
			);
			path = Auth;
			sourceTree = "<group>";
		};
		10983A4B2A0332540067CFB1 /* Community */ = {
			isa = PBXGroup;
			children = (
				10F43EF629FA2C1C0065E8DD /* CommunityTableViewController.swift */,
				108E2A102A2C38A600172804 /* PostTableViewCell.swift */,
				108E2A112A2C38A600172804 /* PostTableViewCell.xib */,
				108E2A142A2C3D5C00172804 /* Posts.swift */,
				108E2A162A2C3DB000172804 /* Comments.swift */,
				108E2A182A2C45AF00172804 /* NewPostViewController.swift */,
				108E2A1A2A2C8CCD00172804 /* CommentsTableViewController.swift */,
				108E2A202A2CBE4800172804 /* CommentsTableViewCell.swift */,
				108E2A212A2CBE4800172804 /* CommentsTableViewCell.xib */,
			);
			path = Community;
			sourceTree = "<group>";
		};
		10983A4C2A0332660067CFB1 /* Help and Services */ = {
			isa = PBXGroup;
			children = (
				102844F02A0284670012AA69 /* LocationAnnotation.swift */,
				107329352A249F7C00D4BD14 /* NewLocationDelegate.swift */,
				10F43EEA29FA1C900065E8DD /* HelpTableViewController.swift */,
				1077770E2A2734BD00D7684F /* MyProfileTableViewController.swift */,
				1073292B2A24730F00D4BD14 /* LocationService.swift */,
				1073292F2A24814A00D4BD14 /* NearbyPetShopsTableViewController.swift */,
				107329312A248D1B00D4BD14 /* Place.swift */,
				107329332A24993C00D4BD14 /* ViewPetShopViewController.swift */,
				107329372A24A67000D4BD14 /* NearbyVetsTableViewController.swift */,
				107329392A24A6C400D4BD14 /* ViewVetsViewController.swift */,
				101B73AF2A261F2700D3B609 /* ViewModeTableViewCell.swift */,
				101B73B02A261F2700D3B609 /* ViewModeTableViewCell.xib */,
				102346DB2A275A6700844090 /* AboutAppViewController.swift */,
				10CE09942A2B529F00CB1FB6 /* ViewListingTableViewController.swift */,
				10CE09982A2B5BB100CB1FB6 /* DetailListingViewController.swift */,
			);
			path = "Help and Services";
			sourceTree = "<group>";
		};
		10AE024729EB8F4B00B82918 = {
			isa = PBXGroup;
			children = (
				10AE025229EB8F4B00B82918 /* petopia */,
				10AE025129EB8F4B00B82918 /* Products */,
				10220FDA2A28B063006F6B9B /* Frameworks */,
			);
			sourceTree = "<group>";
		};
		10AE025129EB8F4B00B82918 /* Products */ = {
			isa = PBXGroup;
			children = (
				10AE025029EB8F4B00B82918 /* petopia.app */,
			);
			name = Products;
			sourceTree = "<group>";
		};
		10AE025229EB8F4B00B82918 /* petopia */ = {
			isa = PBXGroup;
			children = (
				1058CF9A29F8F2480069B5FA /* Database */,
				10AE025329EB8F4B00B82918 /* AppDelegate.swift */,
				10983A4C2A0332660067CFB1 /* Help and Services */,
				10983A492A03321D0067CFB1 /* Chats */,
				10AE025529EB8F4B00B82918 /* SceneDelegate.swift */,
				10CBC3C429F7A49600049813 /* GoogleService-Info.plist */,
				10AE025929EB8F4B00B82918 /* Main.storyboard */,
				10983A452A0331BE0067CFB1 /* Tracker and Reminder */,
				10983A4B2A0332540067CFB1 /* Community */,
				10983A462A0331D90067CFB1 /* Marketplace */,
				10983A4A2A0332320067CFB1 /* Auth */,
				10AE025F29EB8F4C00B82918 /* Assets.xcassets */,
				10AE026129EB8F4C00B82918 /* LaunchScreen.storyboard */,
				10AE026429EB8F4C00B82918 /* Info.plist */,
				10AE025C29EB8F4B00B82918 /* petopia.xcdatamodeld */,
				101B73AB2A26167100D3B609 /* PetopiaUserDefaults.swift */,
			);
			path = petopia;
			sourceTree = "<group>";
		};
/* End PBXGroup section */

/* Begin PBXNativeTarget section */
		10AE024F29EB8F4B00B82918 /* petopia */ = {
			isa = PBXNativeTarget;
			buildConfigurationList = 10AE026729EB8F4C00B82918 /* Build configuration list for PBXNativeTarget "petopia" */;
			buildPhases = (
				10AE024C29EB8F4B00B82918 /* Sources */,
				10AE024D29EB8F4B00B82918 /* Frameworks */,
				10AE024E29EB8F4B00B82918 /* Resources */,
			);
			buildRules = (
			);
			dependencies = (
			);
			name = petopia;
			packageProductDependencies = (
				10CBC3BC29F7A3AB00049813 /* FirebaseAuth */,
				10CBC3BE29F7A3AB00049813 /* FirebaseFirestore */,
				10CBC3C029F7A3AB00049813 /* FirebaseFirestoreSwift */,
				10CBC3C229F7A3AB00049813 /* FirebaseMessaging */,
				10983A502A0335560067CFB1 /* FloatingPanel */,
				10F01F312A073ADD00BE677F /* MessageKit */,
				106259472A0790E2002E8090 /* CalendarKit */,
				10220FDB2A28B063006F6B9B /* FirebaseStorage */,
				10220FDD2A28B0A7006F6B9B /* FirebaseStorageCombine-Community */,
			);
			productName = petopia;
			productReference = 10AE025029EB8F4B00B82918 /* petopia.app */;
			productType = "com.apple.product-type.application";
		};
/* End PBXNativeTarget section */

/* Begin PBXProject section */
		10AE024829EB8F4B00B82918 /* Project object */ = {
			isa = PBXProject;
			attributes = {
				BuildIndependentTargetsInParallel = 1;
				LastSwiftUpdateCheck = 1410;
				LastUpgradeCheck = 1410;
				TargetAttributes = {
					10AE024F29EB8F4B00B82918 = {
						CreatedOnToolsVersion = 14.1;
					};
				};
			};
			buildConfigurationList = 10AE024B29EB8F4B00B82918 /* Build configuration list for PBXProject "petopia" */;
			compatibilityVersion = "Xcode 14.0";
			developmentRegion = en;
			hasScannedForEncodings = 0;
			knownRegions = (
				en,
				Base,
			);
			mainGroup = 10AE024729EB8F4B00B82918;
			packageReferences = (
				10CBC3BB29F7A3AB00049813 /* XCRemoteSwiftPackageReference "firebase-ios-sdk" */,
				10983A4F2A0335560067CFB1 /* XCRemoteSwiftPackageReference "FloatingPanel" */,
				10F01F302A073ADD00BE677F /* XCRemoteSwiftPackageReference "MessageKit" */,
				106259462A0790E2002E8090 /* XCRemoteSwiftPackageReference "CalendarKit" */,
			);
			productRefGroup = 10AE025129EB8F4B00B82918 /* Products */;
			projectDirPath = "";
			projectRoot = "";
			targets = (
				10AE024F29EB8F4B00B82918 /* petopia */,
			);
		};
/* End PBXProject section */

/* Begin PBXResourcesBuildPhase section */
		10AE024E29EB8F4B00B82918 /* Resources */ = {
			isa = PBXResourcesBuildPhase;
			buildActionMask = 2147483647;
			files = (
				10AE026329EB8F4C00B82918 /* LaunchScreen.storyboard in Resources */,
				101B73B22A261F2700D3B609 /* ViewModeTableViewCell.xib in Resources */,
				10CBC3C529F7A49600049813 /* GoogleService-Info.plist in Resources */,
				108E2A132A2C38A600172804 /* PostTableViewCell.xib in Resources */,
				1097107F2A2E1B4000E3CB7C /* ConversationTableViewCell.xib in Resources */,
				10AE026029EB8F4C00B82918 /* Assets.xcassets in Resources */,
				10AE025B29EB8F4B00B82918 /* Main.storyboard in Resources */,
				108E2A232A2CBE4800172804 /* CommentsTableViewCell.xib in Resources */,
			);
			runOnlyForDeploymentPostprocessing = 0;
		};
/* End PBXResourcesBuildPhase section */

/* Begin PBXSourcesBuildPhase section */
		10AE024C29EB8F4B00B82918 /* Sources */ = {
			isa = PBXSourcesBuildPhase;
			buildActionMask = 2147483647;
			files = (
				10441FB12A0B3EE200FE269E /* CollectionViewController.swift in Sources */,
				107329382A24A67000D4BD14 /* NearbyVetsTableViewController.swift in Sources */,
				105C30112A121AD0004FD54A /* Animal.swift in Sources */,
				1058CFA429F90AAB0069B5FA /* MarketplaceViewController.swift in Sources */,
				1058CFA029F8F3E80069B5FA /* FirebaseController.swift in Sources */,
				105C301D2A121C47004FD54A /* Photos.swift in Sources */,
				108E2A222A2CBE4800172804 /* CommentsTableViewCell.swift in Sources */,
				1097107E2A2E1B4000E3CB7C /* ConversationTableViewCell.swift in Sources */,
				101B73AC2A26167100D3B609 /* PetopiaUserDefaults.swift in Sources */,
				10F43EF129FA1D940065E8DD /* TabbarViewController.swift in Sources */,
				10DB5A442A2DD46F008AE87C /* Sender.swift in Sources */,
				10441FAD2A0B360E00FE269E /* CameraViewController.swift in Sources */,
				108E2A1B2A2C8CCD00172804 /* CommentsTableViewController.swift in Sources */,
				10AE026B29EB976300B82918 /* LoginViewController.swift in Sources */,
				10AE026D29EB99E200B82918 /* RegisterViewController.swift in Sources */,
				1077770F2A2734BD00D7684F /* MyProfileTableViewController.swift in Sources */,
				105B46ED2A287BD20098CBD9 /* WishlistAnimal.swift in Sources */,
				10441FA42A0B2DD400FE269E /* NewListingViewController.swift in Sources */,
				10AE025429EB8F4B00B82918 /* AppDelegate.swift in Sources */,
				109710792A2E0B2B00E3CB7C /* Conversation.swift in Sources */,
				102346DC2A275A6700844090 /* AboutAppViewController.swift in Sources */,
				10AE025E29EB8F4B00B82918 /* petopia.xcdatamodeld in Sources */,
				10AE025629EB8F4B00B82918 /* SceneDelegate.swift in Sources */,
				107329362A249F7C00D4BD14 /* NewLocationDelegate.swift in Sources */,
				1074270B2A08EEE10077A295 /* DetailReminderViewController.swift in Sources */,
				10BBE2B62A133E8700AB62CA /* LeftAlignedCollectionViewFlowLayout.swift in Sources */,
				109578652A2A139700EC4313 /* ListingAnimal.swift in Sources */,
				10F43EF329FA1F6C0065E8DD /* WishListTableViewController.swift in Sources */,
				10220FE02A28CE2D006F6B9B /* Image.swift in Sources */,
				10DB5A482A2DEBD5008AE87C /* NewConversationTableViewController.swift in Sources */,
				105C30252A1240B6004FD54A /* PetsCollectionViewCell.swift in Sources */,
				105C301F2A121C6D004FD54A /* Videos.swift in Sources */,
				1097B5A92A10C93400E56B03 /* APIConstants.swift in Sources */,
				10F43EEB29FA1C900065E8DD /* HelpTableViewController.swift in Sources */,
				10DB5A3A2A2DCF37008AE87C /* PhotoViewerViewController.swift in Sources */,
				106B75E42A0A6EC400C6B704 /* setReminderViewController.swift in Sources */,
				108E2A122A2C38A600172804 /* PostTableViewCell.swift in Sources */,
				10DB5A462A2DE7F8008AE87C /* SimpleUser.swift in Sources */,
				1097B5AD2A10CA8E00E56B03 /* APIService.swift in Sources */,
				107329342A24993C00D4BD14 /* ViewPetShopViewController.swift in Sources */,
				10DB5A422A2DD400008AE87C /* Message.swift in Sources */,
				10220FD92A28AA7F006F6B9B /* ViewWishlistViewController.swift in Sources */,
				10DB5A3E2A2DD0F4008AE87C /* ConversationTableViewController.swift in Sources */,
				107426FD2A08D6BC0077A295 /* Reminder.swift in Sources */,
				108E2A172A2C3DB000172804 /* Comments.swift in Sources */,
				1058CF9C29F8F25C0069B5FA /* MulticastDelegate.swift in Sources */,
				107329322A248D1B00D4BD14 /* Place.swift in Sources */,
				10DB5A402A2DD25F008AE87C /* ChatViewController.swift in Sources */,
				1073292C2A24730F00D4BD14 /* LocationService.swift in Sources */,
				10CE09992A2B5BB100CB1FB6 /* DetailListingViewController.swift in Sources */,
				10CE09952A2B529F00CB1FB6 /* ViewListingTableViewController.swift in Sources */,
				1073293A2A24A6C400D4BD14 /* ViewVetsViewController.swift in Sources */,
				105C30132A121AF3004FD54A /* Breeds.swift in Sources */,
				10F43EF729FA2C1C0065E8DD /* CommunityTableViewController.swift in Sources */,
				108E2A152A2C3D5C00172804 /* Posts.swift in Sources */,
				107427052A08E0610077A295 /* TrackerReminderViewController.swift in Sources */,
				105C300F2A121AA8004FD54A /* Response.swift in Sources */,
				107329302A24814A00D4BD14 /* NearbyPetShopsTableViewController.swift in Sources */,
				108E2A192A2C45AF00172804 /* NewPostViewController.swift in Sources */,
				1058CF9E29F8F2700069B5FA /* DatabaseProtocol.swift in Sources */,
				10441FAF2A0B3C7D00FE269E /* ImageCollectionViewCell.swift in Sources */,
				10ADA1992A19E86B0003A8CC /* ViewPetViewController.swift in Sources */,
				101B73B12A261F2700D3B609 /* ViewModeTableViewCell.swift in Sources */,
				109D46872A0C99E000E5BD27 /* User.swift in Sources */,
				107427012A08DB540077A295 /* Date+Today.swift in Sources */,
				102844F12A0284670012AA69 /* LocationAnnotation.swift in Sources */,
				1097B5AB2A10CA4A00E56B03 /* NetworkError.swift in Sources */,
				105C30232A121CC0004FD54A /* Contact.swift in Sources */,
			);
			runOnlyForDeploymentPostprocessing = 0;
		};
/* End PBXSourcesBuildPhase section */

/* Begin PBXVariantGroup section */
		10AE025929EB8F4B00B82918 /* Main.storyboard */ = {
			isa = PBXVariantGroup;
			children = (
				10AE025A29EB8F4B00B82918 /* Base */,
			);
			name = Main.storyboard;
			sourceTree = "<group>";
		};
		10AE026129EB8F4C00B82918 /* LaunchScreen.storyboard */ = {
			isa = PBXVariantGroup;
			children = (
				10AE026229EB8F4C00B82918 /* Base */,
			);
			name = LaunchScreen.storyboard;
			sourceTree = "<group>";
		};
/* End PBXVariantGroup section */

/* Begin XCBuildConfiguration section */
		10AE026529EB8F4C00B82918 /* Debug */ = {
			isa = XCBuildConfiguration;
			buildSettings = {
				ALWAYS_SEARCH_USER_PATHS = NO;
				CLANG_ANALYZER_NONNULL = YES;
				CLANG_ANALYZER_NUMBER_OBJECT_CONVERSION = YES_AGGRESSIVE;
				CLANG_CXX_LANGUAGE_STANDARD = "gnu++20";
				CLANG_ENABLE_MODULES = YES;
				CLANG_ENABLE_OBJC_ARC = YES;
				CLANG_ENABLE_OBJC_WEAK = YES;
				CLANG_WARN_BLOCK_CAPTURE_AUTORELEASING = YES;
				CLANG_WARN_BOOL_CONVERSION = YES;
				CLANG_WARN_COMMA = YES;
				CLANG_WARN_CONSTANT_CONVERSION = YES;
				CLANG_WARN_DEPRECATED_OBJC_IMPLEMENTATIONS = YES;
				CLANG_WARN_DIRECT_OBJC_ISA_USAGE = YES_ERROR;
				CLANG_WARN_DOCUMENTATION_COMMENTS = YES;
				CLANG_WARN_EMPTY_BODY = YES;
				CLANG_WARN_ENUM_CONVERSION = YES;
				CLANG_WARN_INFINITE_RECURSION = YES;
				CLANG_WARN_INT_CONVERSION = YES;
				CLANG_WARN_NON_LITERAL_NULL_CONVERSION = YES;
				CLANG_WARN_OBJC_IMPLICIT_RETAIN_SELF = YES;
				CLANG_WARN_OBJC_LITERAL_CONVERSION = YES;
				CLANG_WARN_OBJC_ROOT_CLASS = YES_ERROR;
				CLANG_WARN_QUOTED_INCLUDE_IN_FRAMEWORK_HEADER = YES;
				CLANG_WARN_RANGE_LOOP_ANALYSIS = YES;
				CLANG_WARN_STRICT_PROTOTYPES = YES;
				CLANG_WARN_SUSPICIOUS_MOVE = YES;
				CLANG_WARN_UNGUARDED_AVAILABILITY = YES_AGGRESSIVE;
				CLANG_WARN_UNREACHABLE_CODE = YES;
				CLANG_WARN__DUPLICATE_METHOD_MATCH = YES;
				COPY_PHASE_STRIP = NO;
				DEBUG_INFORMATION_FORMAT = dwarf;
				ENABLE_STRICT_OBJC_MSGSEND = YES;
				ENABLE_TESTABILITY = YES;
				GCC_C_LANGUAGE_STANDARD = gnu11;
				GCC_DYNAMIC_NO_PIC = NO;
				GCC_NO_COMMON_BLOCKS = YES;
				GCC_OPTIMIZATION_LEVEL = 0;
				GCC_PREPROCESSOR_DEFINITIONS = (
					"DEBUG=1",
					"$(inherited)",
				);
				GCC_WARN_64_TO_32_BIT_CONVERSION = YES;
				GCC_WARN_ABOUT_RETURN_TYPE = YES_ERROR;
				GCC_WARN_UNDECLARED_SELECTOR = YES;
				GCC_WARN_UNINITIALIZED_AUTOS = YES_AGGRESSIVE;
				GCC_WARN_UNUSED_FUNCTION = YES;
				GCC_WARN_UNUSED_VARIABLE = YES;
				IPHONEOS_DEPLOYMENT_TARGET = 16.1;
				MTL_ENABLE_DEBUG_INFO = INCLUDE_SOURCE;
				MTL_FAST_MATH = YES;
				ONLY_ACTIVE_ARCH = YES;
				SDKROOT = iphoneos;
				SWIFT_ACTIVE_COMPILATION_CONDITIONS = DEBUG;
				SWIFT_OPTIMIZATION_LEVEL = "-Onone";
			};
			name = Debug;
		};
		10AE026629EB8F4C00B82918 /* Release */ = {
			isa = XCBuildConfiguration;
			buildSettings = {
				ALWAYS_SEARCH_USER_PATHS = NO;
				CLANG_ANALYZER_NONNULL = YES;
				CLANG_ANALYZER_NUMBER_OBJECT_CONVERSION = YES_AGGRESSIVE;
				CLANG_CXX_LANGUAGE_STANDARD = "gnu++20";
				CLANG_ENABLE_MODULES = YES;
				CLANG_ENABLE_OBJC_ARC = YES;
				CLANG_ENABLE_OBJC_WEAK = YES;
				CLANG_WARN_BLOCK_CAPTURE_AUTORELEASING = YES;
				CLANG_WARN_BOOL_CONVERSION = YES;
				CLANG_WARN_COMMA = YES;
				CLANG_WARN_CONSTANT_CONVERSION = YES;
				CLANG_WARN_DEPRECATED_OBJC_IMPLEMENTATIONS = YES;
				CLANG_WARN_DIRECT_OBJC_ISA_USAGE = YES_ERROR;
				CLANG_WARN_DOCUMENTATION_COMMENTS = YES;
				CLANG_WARN_EMPTY_BODY = YES;
				CLANG_WARN_ENUM_CONVERSION = YES;
				CLANG_WARN_INFINITE_RECURSION = YES;
				CLANG_WARN_INT_CONVERSION = YES;
				CLANG_WARN_NON_LITERAL_NULL_CONVERSION = YES;
				CLANG_WARN_OBJC_IMPLICIT_RETAIN_SELF = YES;
				CLANG_WARN_OBJC_LITERAL_CONVERSION = YES;
				CLANG_WARN_OBJC_ROOT_CLASS = YES_ERROR;
				CLANG_WARN_QUOTED_INCLUDE_IN_FRAMEWORK_HEADER = YES;
				CLANG_WARN_RANGE_LOOP_ANALYSIS = YES;
				CLANG_WARN_STRICT_PROTOTYPES = YES;
				CLANG_WARN_SUSPICIOUS_MOVE = YES;
				CLANG_WARN_UNGUARDED_AVAILABILITY = YES_AGGRESSIVE;
				CLANG_WARN_UNREACHABLE_CODE = YES;
				CLANG_WARN__DUPLICATE_METHOD_MATCH = YES;
				COPY_PHASE_STRIP = NO;
				DEBUG_INFORMATION_FORMAT = "dwarf-with-dsym";
				ENABLE_NS_ASSERTIONS = NO;
				ENABLE_STRICT_OBJC_MSGSEND = YES;
				GCC_C_LANGUAGE_STANDARD = gnu11;
				GCC_NO_COMMON_BLOCKS = YES;
				GCC_WARN_64_TO_32_BIT_CONVERSION = YES;
				GCC_WARN_ABOUT_RETURN_TYPE = YES_ERROR;
				GCC_WARN_UNDECLARED_SELECTOR = YES;
				GCC_WARN_UNINITIALIZED_AUTOS = YES_AGGRESSIVE;
				GCC_WARN_UNUSED_FUNCTION = YES;
				GCC_WARN_UNUSED_VARIABLE = YES;
				IPHONEOS_DEPLOYMENT_TARGET = 16.1;
				MTL_ENABLE_DEBUG_INFO = NO;
				MTL_FAST_MATH = YES;
				SDKROOT = iphoneos;
				SWIFT_COMPILATION_MODE = wholemodule;
				SWIFT_OPTIMIZATION_LEVEL = "-O";
				VALIDATE_PRODUCT = YES;
			};
			name = Release;
		};
		10AE026829EB8F4C00B82918 /* Debug */ = {
			isa = XCBuildConfiguration;
			buildSettings = {
				ASSETCATALOG_COMPILER_APPICON_NAME = AppIcon;
				ASSETCATALOG_COMPILER_GLOBAL_ACCENT_COLOR_NAME = AccentColor;
				CODE_SIGN_STYLE = Automatic;
				CURRENT_PROJECT_VERSION = 1;
				GENERATE_INFOPLIST_FILE = YES;
				INFOPLIST_FILE = petopia/Info.plist;
				INFOPLIST_KEY_UIApplicationSupportsIndirectInputEvents = YES;
				INFOPLIST_KEY_UILaunchStoryboardName = LaunchScreen;
				INFOPLIST_KEY_UIMainStoryboardFile = Main;
				INFOPLIST_KEY_UISupportedInterfaceOrientations_iPad = "UIInterfaceOrientationPortrait UIInterfaceOrientationPortraitUpsideDown UIInterfaceOrientationLandscapeLeft UIInterfaceOrientationLandscapeRight";
				INFOPLIST_KEY_UISupportedInterfaceOrientations_iPhone = "UIInterfaceOrientationPortrait UIInterfaceOrientationLandscapeLeft UIInterfaceOrientationLandscapeRight";
				LD_RUNPATH_SEARCH_PATHS = (
					"$(inherited)",
					"@executable_path/Frameworks",
				);
				MARKETING_VERSION = 1.0;
				PRODUCT_BUNDLE_IDENTIFIER = edu.monash.petopia;
				PRODUCT_NAME = "$(TARGET_NAME)";
				SWIFT_EMIT_LOC_STRINGS = YES;
				SWIFT_VERSION = 5.0;
				TARGETED_DEVICE_FAMILY = "1,2";
			};
			name = Debug;
		};
		10AE026929EB8F4C00B82918 /* Release */ = {
			isa = XCBuildConfiguration;
			buildSettings = {
				ASSETCATALOG_COMPILER_APPICON_NAME = AppIcon;
				ASSETCATALOG_COMPILER_GLOBAL_ACCENT_COLOR_NAME = AccentColor;
				CODE_SIGN_STYLE = Automatic;
				CURRENT_PROJECT_VERSION = 1;
				GENERATE_INFOPLIST_FILE = YES;
				INFOPLIST_FILE = petopia/Info.plist;
				INFOPLIST_KEY_UIApplicationSupportsIndirectInputEvents = YES;
				INFOPLIST_KEY_UILaunchStoryboardName = LaunchScreen;
				INFOPLIST_KEY_UIMainStoryboardFile = Main;
				INFOPLIST_KEY_UISupportedInterfaceOrientations_iPad = "UIInterfaceOrientationPortrait UIInterfaceOrientationPortraitUpsideDown UIInterfaceOrientationLandscapeLeft UIInterfaceOrientationLandscapeRight";
				INFOPLIST_KEY_UISupportedInterfaceOrientations_iPhone = "UIInterfaceOrientationPortrait UIInterfaceOrientationLandscapeLeft UIInterfaceOrientationLandscapeRight";
				LD_RUNPATH_SEARCH_PATHS = (
					"$(inherited)",
					"@executable_path/Frameworks",
				);
				MARKETING_VERSION = 1.0;
				PRODUCT_BUNDLE_IDENTIFIER = edu.monash.petopia;
				PRODUCT_NAME = "$(TARGET_NAME)";
				SWIFT_EMIT_LOC_STRINGS = YES;
				SWIFT_VERSION = 5.0;
				TARGETED_DEVICE_FAMILY = "1,2";
			};
			name = Release;
		};
/* End XCBuildConfiguration section */

/* Begin XCConfigurationList section */
		10AE024B29EB8F4B00B82918 /* Build configuration list for PBXProject "petopia" */ = {
			isa = XCConfigurationList;
			buildConfigurations = (
				10AE026529EB8F4C00B82918 /* Debug */,
				10AE026629EB8F4C00B82918 /* Release */,
			);
			defaultConfigurationIsVisible = 0;
			defaultConfigurationName = Release;
		};
		10AE026729EB8F4C00B82918 /* Build configuration list for PBXNativeTarget "petopia" */ = {
			isa = XCConfigurationList;
			buildConfigurations = (
				10AE026829EB8F4C00B82918 /* Debug */,
				10AE026929EB8F4C00B82918 /* Release */,
			);
			defaultConfigurationIsVisible = 0;
			defaultConfigurationName = Release;
		};
/* End XCConfigurationList section */

/* Begin XCRemoteSwiftPackageReference section */
		106259462A0790E2002E8090 /* XCRemoteSwiftPackageReference "CalendarKit" */ = {
			isa = XCRemoteSwiftPackageReference;
			repositoryURL = "https://github.com/richardtop/CalendarKit";
			requirement = {
				kind = upToNextMajorVersion;
				minimumVersion = 1.0.0;
			};
		};
		10983A4F2A0335560067CFB1 /* XCRemoteSwiftPackageReference "FloatingPanel" */ = {
			isa = XCRemoteSwiftPackageReference;
			repositoryURL = "https://github.com/scenee/FloatingPanel";
			requirement = {
				kind = upToNextMajorVersion;
				minimumVersion = 2.0.0;
			};
		};
		10CBC3BB29F7A3AB00049813 /* XCRemoteSwiftPackageReference "firebase-ios-sdk" */ = {
			isa = XCRemoteSwiftPackageReference;
			repositoryURL = "https://github.com/firebase/firebase-ios-sdk.git";
			requirement = {
				kind = upToNextMajorVersion;
				minimumVersion = 9.0.0;
			};
		};
		10F01F302A073ADD00BE677F /* XCRemoteSwiftPackageReference "MessageKit" */ = {
			isa = XCRemoteSwiftPackageReference;
			repositoryURL = "https://github.com/MessageKit/MessageKit";
			requirement = {
				kind = upToNextMajorVersion;
				minimumVersion = 4.0.0;
			};
		};
/* End XCRemoteSwiftPackageReference section */

/* Begin XCSwiftPackageProductDependency section */
		10220FDB2A28B063006F6B9B /* FirebaseStorage */ = {
			isa = XCSwiftPackageProductDependency;
			package = 10CBC3BB29F7A3AB00049813 /* XCRemoteSwiftPackageReference "firebase-ios-sdk" */;
			productName = FirebaseStorage;
		};
		10220FDD2A28B0A7006F6B9B /* FirebaseStorageCombine-Community */ = {
			isa = XCSwiftPackageProductDependency;
			package = 10CBC3BB29F7A3AB00049813 /* XCRemoteSwiftPackageReference "firebase-ios-sdk" */;
			productName = "FirebaseStorageCombine-Community";
		};
		106259472A0790E2002E8090 /* CalendarKit */ = {
			isa = XCSwiftPackageProductDependency;
			package = 106259462A0790E2002E8090 /* XCRemoteSwiftPackageReference "CalendarKit" */;
			productName = CalendarKit;
		};
		10983A502A0335560067CFB1 /* FloatingPanel */ = {
			isa = XCSwiftPackageProductDependency;
			package = 10983A4F2A0335560067CFB1 /* XCRemoteSwiftPackageReference "FloatingPanel" */;
			productName = FloatingPanel;
		};
		10CBC3BC29F7A3AB00049813 /* FirebaseAuth */ = {
			isa = XCSwiftPackageProductDependency;
			package = 10CBC3BB29F7A3AB00049813 /* XCRemoteSwiftPackageReference "firebase-ios-sdk" */;
			productName = FirebaseAuth;
		};
		10CBC3BE29F7A3AB00049813 /* FirebaseFirestore */ = {
			isa = XCSwiftPackageProductDependency;
			package = 10CBC3BB29F7A3AB00049813 /* XCRemoteSwiftPackageReference "firebase-ios-sdk" */;
			productName = FirebaseFirestore;
		};
		10CBC3C029F7A3AB00049813 /* FirebaseFirestoreSwift */ = {
			isa = XCSwiftPackageProductDependency;
			package = 10CBC3BB29F7A3AB00049813 /* XCRemoteSwiftPackageReference "firebase-ios-sdk" */;
			productName = FirebaseFirestoreSwift;
		};
		10CBC3C229F7A3AB00049813 /* FirebaseMessaging */ = {
			isa = XCSwiftPackageProductDependency;
			package = 10CBC3BB29F7A3AB00049813 /* XCRemoteSwiftPackageReference "firebase-ios-sdk" */;
			productName = FirebaseMessaging;
		};
		10F01F312A073ADD00BE677F /* MessageKit */ = {
			isa = XCSwiftPackageProductDependency;
			package = 10F01F302A073ADD00BE677F /* XCRemoteSwiftPackageReference "MessageKit" */;
			productName = MessageKit;
		};
/* End XCSwiftPackageProductDependency section */

/* Begin XCVersionGroup section */
		10AE025C29EB8F4B00B82918 /* petopia.xcdatamodeld */ = {
			isa = XCVersionGroup;
			children = (
				10AE025D29EB8F4B00B82918 /* petopia.xcdatamodel */,
			);
			currentVersion = 10AE025D29EB8F4B00B82918 /* petopia.xcdatamodel */;
			path = petopia.xcdatamodeld;
			sourceTree = "<group>";
			versionGroupType = wrapper.xcdatamodel;
		};
/* End XCVersionGroup section */
	};
	rootObject = 10AE024829EB8F4B00B82918 /* Project object */;
}
